
Microsoft Visual Studio Solution File, Format Version 12.00
# Visual Studio Version 17
VisualStudioVersion = 17.13.35919.96 d17.13
MinimumVisualStudioVersion = 10.0.40219.1
Project("{FAE04EC0-301F-11D3-BF4B-00C04F79EFBC}") = "Odio", "Odio\Odio.csproj", "{72B05D3F-3583-408A-BF95-C1B978D46D5B}"
EndProject
Global
	GlobalSection(SolutionConfigurationPlatforms) = preSolution
		Debug|Any CPU = Debug|Any CPU
		Release|Any CPU = Release|Any CPU
	EndGlobalSection
	GlobalSection(ProjectConfigurationPlatforms) = postSolution
		{72B05D3F-3583-408A-BF95-C1B978D46D5B}.Debug|Any CPU.ActiveCfg = Debug|Any CPU
		{72B05D3F-3583-408A-BF95-C1B978D46D5B}.Debug|Any CPU.Build.0 = Debug|Any CPU
		{72B05D3F-3583-408A-BF95-C1B978D46D5B}.Release|Any CPU.ActiveCfg = Release|Any CPU
		{72B05D3F-3583-408A-BF95-C1B978D46D5B}.Release|Any CPU.Build.0 = Release|Any CPU
	EndGlobalSection
	GlobalSection(SolutionProperties) = preSolution
		HideSolutionNode = FALSE
	EndGlobalSection
	GlobalSection(ExtensibilityGlobals) = postSolution
		SolutionGuid = {1D27D895-8B23-467C-9888-0AA747182B20}
	EndGlobalSection
EndGlobal
